
Microsoft Visual Studio Solution File, Format Version 12.00
# Visual Studio Version 16
VisualStudioVersion = 16.0.30114.105
MinimumVisualStudioVersion = 10.0.40219.1
Project("{FAE04EC0-301F-11D3-BF4B-00C04F79EFBC}") = "Day1", "Day1\Day1.csproj", "{EBAD188D-E954-48EC-A7D2-A97A21B6326E}"
EndProject
Project("{FAE04EC0-301F-11D3-BF4B-00C04F79EFBC}") = "Day2", "Day2\Day2.csproj", "{24C48E49-0441-43C1-8671-2ECEB06A9C43}"
EndProject
Project("{FAE04EC0-301F-11D3-BF4B-00C04F79EFBC}") = "Day3", "Day3\Day3.csproj", "{CA1E101C-7CDA-4137-9196-09A2BD3AE79F}"
EndProject
Project("{FAE04EC0-301F-11D3-BF4B-00C04F79EFBC}") = "Day4", "Day4\Day4.csproj", "{CC5C11CC-54CD-459F-A992-D6CA28C912AD}"
EndProject
Project("{FAE04EC0-301F-11D3-BF4B-00C04F79EFBC}") = "Day5", "Day5\Day5.csproj", "{DA49FFDF-A11B-464A-A3CF-952006682715}"
EndProject
Project("{FAE04EC0-301F-11D3-BF4B-00C04F79EFBC}") = "Day6", "Day6\Day6.csproj", "{3C1F55FC-8CAF-43C4-B370-4D68D2D1CF36}"
EndProject
Project("{FAE04EC0-301F-11D3-BF4B-00C04F79EFBC}") = "Day7", "Day7\Day7.csproj", "{490CCE02-50AF-44F8-80AA-64783AA1BE06}"
EndProject
Project("{FAE04EC0-301F-11D3-BF4B-00C04F79EFBC}") = "Day8", "Day8\Day8.csproj", "{9C4FED52-8C88-4F6F-9545-168A352C6FA0}"
EndProject
Project("{FAE04EC0-301F-11D3-BF4B-00C04F79EFBC}") = "Day9", "Day9\Day9.csproj", "{2A07C132-3DE9-472D-99B0-756E0ABB4D2E}"
EndProject
Project("{FAE04EC0-301F-11D3-BF4B-00C04F79EFBC}") = "Day11", "Day11\Day11.csproj", "{92991823-1406-49F1-9F39-5721B1690680}"
EndProject
Project("{FAE04EC0-301F-11D3-BF4B-00C04F79EFBC}") = "Day10", "Day10\Day10.csproj", "{0D11431E-763A-4679-ACBD-2F2550FF9BB2}"
EndProject
Global
	GlobalSection(SolutionConfigurationPlatforms) = preSolution
		Debug|Any CPU = Debug|Any CPU
		Release|Any CPU = Release|Any CPU
	EndGlobalSection
	GlobalSection(SolutionProperties) = preSolution
		HideSolutionNode = FALSE
	EndGlobalSection
	GlobalSection(ProjectConfigurationPlatforms) = postSolution
		{EBAD188D-E954-48EC-A7D2-A97A21B6326E}.Debug|Any CPU.ActiveCfg = Debug|Any CPU
		{EBAD188D-E954-48EC-A7D2-A97A21B6326E}.Debug|Any CPU.Build.0 = Debug|Any CPU
		{EBAD188D-E954-48EC-A7D2-A97A21B6326E}.Release|Any CPU.ActiveCfg = Release|Any CPU
		{EBAD188D-E954-48EC-A7D2-A97A21B6326E}.Release|Any CPU.Build.0 = Release|Any CPU
		{24C48E49-0441-43C1-8671-2ECEB06A9C43}.Debug|Any CPU.ActiveCfg = Debug|Any CPU
		{24C48E49-0441-43C1-8671-2ECEB06A9C43}.Debug|Any CPU.Build.0 = Debug|Any CPU
		{24C48E49-0441-43C1-8671-2ECEB06A9C43}.Release|Any CPU.ActiveCfg = Release|Any CPU
		{24C48E49-0441-43C1-8671-2ECEB06A9C43}.Release|Any CPU.Build.0 = Release|Any CPU
		{CA1E101C-7CDA-4137-9196-09A2BD3AE79F}.Debug|Any CPU.ActiveCfg = Debug|Any CPU
		{CA1E101C-7CDA-4137-9196-09A2BD3AE79F}.Debug|Any CPU.Build.0 = Debug|Any CPU
		{CA1E101C-7CDA-4137-9196-09A2BD3AE79F}.Release|Any CPU.ActiveCfg = Release|Any CPU
		{CA1E101C-7CDA-4137-9196-09A2BD3AE79F}.Release|Any CPU.Build.0 = Release|Any CPU
		{CC5C11CC-54CD-459F-A992-D6CA28C912AD}.Debug|Any CPU.ActiveCfg = Debug|Any CPU
		{CC5C11CC-54CD-459F-A992-D6CA28C912AD}.Debug|Any CPU.Build.0 = Debug|Any CPU
		{CC5C11CC-54CD-459F-A992-D6CA28C912AD}.Release|Any CPU.ActiveCfg = Release|Any CPU
		{CC5C11CC-54CD-459F-A992-D6CA28C912AD}.Release|Any CPU.Build.0 = Release|Any CPU
		{DA49FFDF-A11B-464A-A3CF-952006682715}.Debug|Any CPU.ActiveCfg = Debug|Any CPU
		{DA49FFDF-A11B-464A-A3CF-952006682715}.Debug|Any CPU.Build.0 = Debug|Any CPU
		{DA49FFDF-A11B-464A-A3CF-952006682715}.Release|Any CPU.ActiveCfg = Release|Any CPU
		{DA49FFDF-A11B-464A-A3CF-952006682715}.Release|Any CPU.Build.0 = Release|Any CPU
		{3C1F55FC-8CAF-43C4-B370-4D68D2D1CF36}.Debug|Any CPU.ActiveCfg = Debug|Any CPU
		{3C1F55FC-8CAF-43C4-B370-4D68D2D1CF36}.Debug|Any CPU.Build.0 = Debug|Any CPU
		{3C1F55FC-8CAF-43C4-B370-4D68D2D1CF36}.Release|Any CPU.ActiveCfg = Release|Any CPU
		{3C1F55FC-8CAF-43C4-B370-4D68D2D1CF36}.Release|Any CPU.Build.0 = Release|Any CPU
		{490CCE02-50AF-44F8-80AA-64783AA1BE06}.Debug|Any CPU.ActiveCfg = Debug|Any CPU
		{490CCE02-50AF-44F8-80AA-64783AA1BE06}.Debug|Any CPU.Build.0 = Debug|Any CPU
		{490CCE02-50AF-44F8-80AA-64783AA1BE06}.Release|Any CPU.ActiveCfg = Release|Any CPU
		{490CCE02-50AF-44F8-80AA-64783AA1BE06}.Release|Any CPU.Build.0 = Release|Any CPU
		{9C4FED52-8C88-4F6F-9545-168A352C6FA0}.Debug|Any CPU.ActiveCfg = Debug|Any CPU
		{9C4FED52-8C88-4F6F-9545-168A352C6FA0}.Debug|Any CPU.Build.0 = Debug|Any CPU
		{9C4FED52-8C88-4F6F-9545-168A352C6FA0}.Release|Any CPU.ActiveCfg = Release|Any CPU
		{9C4FED52-8C88-4F6F-9545-168A352C6FA0}.Release|Any CPU.Build.0 = Release|Any CPU
		{2A07C132-3DE9-472D-99B0-756E0ABB4D2E}.Debug|Any CPU.ActiveCfg = Debug|Any CPU
		{2A07C132-3DE9-472D-99B0-756E0ABB4D2E}.Debug|Any CPU.Build.0 = Debug|Any CPU
		{2A07C132-3DE9-472D-99B0-756E0ABB4D2E}.Release|Any CPU.ActiveCfg = Release|Any CPU
		{2A07C132-3DE9-472D-99B0-756E0ABB4D2E}.Release|Any CPU.Build.0 = Release|Any CPU
		{92991823-1406-49F1-9F39-5721B1690680}.Debug|Any CPU.ActiveCfg = Debug|Any CPU
		{92991823-1406-49F1-9F39-5721B1690680}.Debug|Any CPU.Build.0 = Debug|Any CPU
		{92991823-1406-49F1-9F39-5721B1690680}.Release|Any CPU.ActiveCfg = Release|Any CPU
		{92991823-1406-49F1-9F39-5721B1690680}.Release|Any CPU.Build.0 = Release|Any CPU
		{0D11431E-763A-4679-ACBD-2F2550FF9BB2}.Debug|Any CPU.ActiveCfg = Debug|Any CPU
		{0D11431E-763A-4679-ACBD-2F2550FF9BB2}.Debug|Any CPU.Build.0 = Debug|Any CPU
		{0D11431E-763A-4679-ACBD-2F2550FF9BB2}.Release|Any CPU.ActiveCfg = Release|Any CPU
		{0D11431E-763A-4679-ACBD-2F2550FF9BB2}.Release|Any CPU.Build.0 = Release|Any CPU
	EndGlobalSection
EndGlobal
